PODS:
  - Masonry (1.1.0)
  - StarPopover (0.1.0):
    - Masonry

DEPENDENCIES:
  - StarPopover (from `../`)

SPEC REPOS:
  trunk:
    - Masonry

EXTERNAL SOURCES:
  StarPopover:
    :path: "../"

SPEC CHECKSUMS:
  Masonry: 678fab65091a9290e40e2832a55e7ab731aad201
  StarPopover: 3c6bfb8da4100e02888a89cec07fafbb3efc37dd

PODFILE CHECKSUM: 05afe1cecf14318a8fc9f005424cddf9360f94c1

COCOAPODS: 1.16.2
